
Microsoft Visual Studio Solution File, Format Version 12.00
# Visual Studio Version 16
VisualStudioVersion = 16.0.29613.14
MinimumVisualStudioVersion = 10.0.40219.1
Project("{FAE04EC0-301F-11D3-BF4B-00C04F79EFBC}") = "hyland hackathon", "hyland hackathon.csproj", "{488CBED1-5C3D-4997-9AD5-1E50E889B3C2}"
EndProject
Global
	GlobalSection(SolutionConfigurationPlatforms) = preSolution
		Debug|Any CPU = Debug|Any CPU
		Release|Any CPU = Release|Any CPU
	EndGlobalSection
	GlobalSection(ProjectConfigurationPlatforms) = postSolution
		{488CBED1-5C3D-4997-9AD5-1E50E889B3C2}.Debug|Any CPU.ActiveCfg = Debug|Any CPU
		{488CBED1-5C3D-4997-9AD5-1E50E889B3C2}.Debug|Any CPU.Build.0 = Debug|Any CPU
		{488CBED1-5C3D-4997-9AD5-1E50E889B3C2}.Release|Any CPU.ActiveCfg = Release|Any CPU
		{488CBED1-5C3D-4997-9AD5-1E50E889B3C2}.Release|Any CPU.Build.0 = Release|Any CPU
	EndGlobalSection
	GlobalSection(SolutionProperties) = preSolution
		HideSolutionNode = FALSE
	EndGlobalSection
	GlobalSection(ExtensibilityGlobals) = postSolution
		SolutionGuid = {5DDCF05C-E0CD-4EE5-BBEE-7E8E6FDA46AC}
	EndGlobalSection
EndGlobal
